
Microsoft Visual Studio Solution File, Format Version 12.00
# Visual Studio Version 17
VisualStudioVersion = 17.8.34330.188
MinimumVisualStudioVersion = 10.0.40219.1
Project("{FAE04EC0-301F-11D3-BF4B-00C04F79EFBC}") = "Demo.DAL", "Demo.DAL\Demo.DAL\Demo.DAL.csproj", "{E8E09FF0-2ECF-4FF0-986A-CDCC091C5552}"
EndProject
Project("{FAE04EC0-301F-11D3-BF4B-00C04F79EFBC}") = "Demo.BLL", "Demo.BLL\Demo.BLL.csproj", "{03ED016E-DDDC-461D-971F-6674F758A73A}"
EndProject
Project("{FAE04EC0-301F-11D3-BF4B-00C04F79EFBC}") = "Demo.PL", "Demo.PL\Demo.PL.csproj", "{0B437C2E-92A0-4C9A-8716-013C3FB46769}"
EndProject
Global
	GlobalSection(SolutionConfigurationPlatforms) = preSolution
		Debug|Any CPU = Debug|Any CPU
		Release|Any CPU = Release|Any CPU
	EndGlobalSection
	GlobalSection(ProjectConfigurationPlatforms) = postSolution
		{E8E09FF0-2ECF-4FF0-986A-CDCC091C5552}.Debug|Any CPU.ActiveCfg = Debug|Any CPU
		{E8E09FF0-2ECF-4FF0-986A-CDCC091C5552}.Debug|Any CPU.Build.0 = Debug|Any CPU
		{E8E09FF0-2ECF-4FF0-986A-CDCC091C5552}.Release|Any CPU.ActiveCfg = Release|Any CPU
		{E8E09FF0-2ECF-4FF0-986A-CDCC091C5552}.Release|Any CPU.Build.0 = Release|Any CPU
		{03ED016E-DDDC-461D-971F-6674F758A73A}.Debug|Any CPU.ActiveCfg = Debug|Any CPU
		{03ED016E-DDDC-461D-971F-6674F758A73A}.Debug|Any CPU.Build.0 = Debug|Any CPU
		{03ED016E-DDDC-461D-971F-6674F758A73A}.Release|Any CPU.ActiveCfg = Release|Any CPU
		{03ED016E-DDDC-461D-971F-6674F758A73A}.Release|Any CPU.Build.0 = Release|Any CPU
		{0B437C2E-92A0-4C9A-8716-013C3FB46769}.Debug|Any CPU.ActiveCfg = Debug|Any CPU
		{0B437C2E-92A0-4C9A-8716-013C3FB46769}.Debug|Any CPU.Build.0 = Debug|Any CPU
		{0B437C2E-92A0-4C9A-8716-013C3FB46769}.Release|Any CPU.ActiveCfg = Release|Any CPU
		{0B437C2E-92A0-4C9A-8716-013C3FB46769}.Release|Any CPU.Build.0 = Release|Any CPU
	EndGlobalSection
	GlobalSection(SolutionProperties) = preSolution
		HideSolutionNode = FALSE
	EndGlobalSection
	GlobalSection(ExtensibilityGlobals) = postSolution
		SolutionGuid = {5D88A83B-DBA7-41DF-88E5-8F4599E9C84D}
	EndGlobalSection
EndGlobal
